// !$*UTF8*$!
{
	archiveVersion = 1;
	classes = {
	};
	objectVersion = 50;
	objects = {

/* Begin PBXBuildFile section */
		C49F008D215104FD00F33E97 /* AppDelegate.swift in Sources */ = {isa = PBXBuildFile; fileRef = C49F008C215104FD00F33E97 /* AppDelegate.swift */; };
		C49F008F215104FD00F33E97 /* ViewController.swift in Sources */ = {isa = PBXBuildFile; fileRef = C49F008E215104FD00F33E97 /* ViewController.swift */; };
		C49F0092215104FD00F33E97 /* Main.storyboard in Resources */ = {isa = PBXBuildFile; fileRef = C49F0090215104FD00F33E97 /* Main.storyboard */; };
		C49F0094215104FF00F33E97 /* Assets.xcassets in Resources */ = {isa = PBXBuildFile; fileRef = C49F0093215104FF00F33E97 /* Assets.xcassets */; };
		C49F0097215104FF00F33E97 /* LaunchScreen.storyboard in Resources */ = {isa = PBXBuildFile; fileRef = C49F0095215104FF00F33E97 /* LaunchScreen.storyboard */; };
		C49F00A2215104FF00F33E97 /* HelloNewTests.swift in Sources */ = {isa = PBXBuildFile; fileRef = C49F00A1215104FF00F33E97 /* HelloNewTests.swift */; };
		C49F00AD215104FF00F33E97 /* HelloNewUITests.swift in Sources */ = {isa = PBXBuildFile; fileRef = C49F00AC215104FF00F33E97 /* HelloNewUITests.swift */; };
/* End PBXBuildFile section */

/* Begin PBXContainerItemProxy section */
		C49F009E215104FF00F33E97 /* PBXContainerItemProxy */ = {
			isa = PBXContainerItemProxy;
			containerPortal = C49F0081215104FD00F33E97 /* Project object */;
			proxyType = 1;
			remoteGlobalIDString = C49F0088215104FD00F33E97;
			remoteInfo = HelloNew;
		};
		C49F00A9215104FF00F33E97 /* PBXContainerItemProxy */ = {
			isa = PBXContainerItemProxy;
			containerPortal = C49F0081215104FD00F33E97 /* Project object */;
			proxyType = 1;
			remoteGlobalIDString = C49F0088215104FD00F33E97;
			remoteInfo = HelloNew;
		};
/* End PBXContainerItemProxy section */

/* Begin PBXFileReference section */
		C49F0089215104FD00F33E97 /* HelloNew.app */ = {isa = PBXFileReference; explicitFileType = wrapper.application; includeInIndex = 0; path = HelloNew.app; sourceTree = BUILT_PRODUCTS_DIR; };
		C49F008C215104FD00F33E97 /* AppDelegate.swift */ = {isa = PBXFileReference; lastKnownFileType = sourcecode.swift; path = AppDelegate.swift; sourceTree = "<group>"; };
		C49F008E215104FD00F33E97 /* ViewController.swift */ = {isa = PBXFileReference; lastKnownFileType = sourcecode.swift; path = ViewController.swift; sourceTree = "<group>"; };
		C49F0091215104FD00F33E97 /* Base */ = {isa = PBXFileReference; lastKnownFileType = file.storyboard; name = Base; path = Base.lproj/Main.storyboard; sourceTree = "<group>"; };
		C49F0093215104FF00F33E97 /* Assets.xcassets */ = {isa = PBXFileReference; lastKnownFileType = folder.assetcatalog; path = Assets.xcassets; sourceTree = "<group>"; };
		C49F0096215104FF00F33E97 /* Base */ = {isa = PBXFileReference; lastKnownFileType = file.storyboard; name = Base; path = Base.lproj/LaunchScreen.storyboard; sourceTree = "<group>"; };
		C49F0098215104FF00F33E97 /* Info.plist */ = {isa = PBXFileReference; lastKnownFileType = text.plist.xml; path = Info.plist; sourceTree = "<group>"; };
		C49F009D215104FF00F33E97 /* HelloNewTests.xctest */ = {isa = PBXFileReference; explicitFileType = wrapper.cfbundle; includeInIndex = 0; path = HelloNewTests.xctest; sourceTree = BUILT_PRODUCTS_DIR; };
		C49F00A1215104FF00F33E97 /* HelloNewTests.swift */ = {isa = PBXFileReference; lastKnownFileType = sourcecode.swift; path = HelloNewTests.swift; sourceTree = "<group>"; };
		C49F00A3215104FF00F33E97 /* Info.plist */ = {isa = PBXFileReference; lastKnownFileType = text.plist.xml; path = Info.plist; sourceTree = "<group>"; };
		C49F00A8215104FF00F33E97 /* HelloNewUITests.xctest */ = {isa = PBXFileReference; explicitFileType = wrapper.cfbundle; includeInIndex = 0; path = HelloNewUITests.xctest; sourceTree = BUILT_PRODUCTS_DIR; };
		C49F00AC215104FF00F33E97 /* HelloNewUITests.swift */ = {isa = PBXFileReference; lastKnownFileType = sourcecode.swift; path = HelloNewUITests.swift; sourceTree = "<group>"; };
		C49F00AE215104FF00F33E97 /* Info.plist */ = {isa = PBXFileReference; lastKnownFileType = text.plist.xml; path = Info.plist; sourceTree = "<group>"; };
/* End PBXFileReference section */

/* Begin PBXFrameworksBuildPhase section */
		C49F0086215104FD00F33E97 /* Frameworks */ = {
			isa = PBXFrameworksBuildPhase;
			buildActionMask = 2147483647;
			files = (
			);
			runOnlyForDeploymentPostprocessing = 0;
		};
		C49F009A215104FF00F33E97 /* Frameworks */ = {
			isa = PBXFrameworksBuildPhase;
			buildActionMask = 2147483647;
			files = (
			);
			runOnlyForDeploymentPostprocessing = 0;
		};
		C49F00A5215104FF00F33E97 /* Frameworks */ = {
			isa = PBXFrameworksBuildPhase;
			buildActionMask = 2147483647;
			files = (
			);
			runOnlyForDeploymentPostprocessing = 0;
		};
/* End PBXFrameworksBuildPhase section */

/* Begin PBXGroup section */
		C49F0080215104FD00F33E97 = {
			isa = PBXGroup;
			children = (
				C49F008B215104FD00F33E97 /* HelloNew */,
				C49F00A0215104FF00F33E97 /* HelloNewTests */,
				C49F00AB215104FF00F33E97 /* HelloNewUITests */,
				C49F008A215104FD00F33E97 /* Products */,
			);
			sourceTree = "<group>";
		};
		C49F008A215104FD00F33E97 /* Products */ = {
			isa = PBXGroup;
			children = (
				C49F0089215104FD00F33E97 /* HelloNew.app */,
				C49F009D215104FF00F33E97 /* HelloNewTests.xctest */,
				C49F00A8215104FF00F33E97 /* HelloNewUITests.xctest */,
			);
			name = Products;
			sourceTree = "<group>";
		};
		C49F008B215104FD00F33E97 /* HelloNew */ = {
			isa = PBXGroup;
			children = (
				C49F008C215104FD00F33E97 /* AppDelegate.swift */,
				C49F008E215104FD00F33E97 /* ViewController.swift */,
				C49F0090215104FD00F33E97 /* Main.storyboard */,
				C49F0093215104FF00F33E97 /* Assets.xcassets */,
				C49F0095215104FF00F33E97 /* LaunchScreen.storyboard */,
				C49F0098215104FF00F33E97 /* Info.plist */,
			);
			path = HelloNew;
			sourceTree = "<group>";
		};
		C49F00A0215104FF00F33E97 /* HelloNewTests */ = {
			isa = PBXGroup;
			children = (
				C49F00A1215104FF00F33E97 /* HelloNewTests.swift */,
				C49F00A3215104FF00F33E97 /* Info.plist */,
			);
			path = HelloNewTests;
			sourceTree = "<group>";
		};
		C49F00AB215104FF00F33E97 /* HelloNewUITests */ = {
			isa = PBXGroup;
			children = (
				C49F00AC215104FF00F33E97 /* HelloNewUITests.swift */,
				C49F00AE215104FF00F33E97 /* Info.plist */,
			);
			path = HelloNewUITests;
			sourceTree = "<group>";
		};
/* End PBXGroup section */

/* Begin PBXNativeTarget section */
		C49F0088215104FD00F33E97 /* HelloNew */ = {
			isa = PBXNativeTarget;
			buildConfigurationList = C49F00B1215104FF00F33E97 /* Build configuration list for PBXNativeTarget "HelloNew" */;
			buildPhases = (
				C49F0085215104FD00F33E97 /* Sources */,
				C49F0086215104FD00F33E97 /* Frameworks */,
				C49F0087215104FD00F33E97 /* Resources */,
			);
			buildRules = (
			);
			dependencies = (
			);
			name = HelloNew;
			productName = HelloNew;
			productReference = C49F0089215104FD00F33E97 /* HelloNew.app */;
			productType = "com.apple.product-type.application";
		};
		C49F009C215104FF00F33E97 /* HelloNewTests */ = {
			isa = PBXNativeTarget;
			buildConfigurationList = C49F00B4215104FF00F33E97 /* Build configuration list for PBXNativeTarget "HelloNewTests" */;
			buildPhases = (
				C49F0099215104FF00F33E97 /* Sources */,
				C49F009A215104FF00F33E97 /* Frameworks */,
				C49F009B215104FF00F33E97 /* Resources */,
			);
			buildRules = (
			);
			dependencies = (
				C49F009F215104FF00F33E97 /* PBXTargetDependency */,
			);
			name = HelloNewTests;
			productName = HelloNewTests;
			productReference = C49F009D215104FF00F33E97 /* HelloNewTests.xctest */;
			productType = "com.apple.product-type.bundle.unit-test";
		};
		C49F00A7215104FF00F33E97 /* HelloNewUITests */ = {
			isa = PBXNativeTarget;
			buildConfigurationList = C49F00B7215104FF00F33E97 /* Build configuration list for PBXNativeTarget "HelloNewUITests" */;
			buildPhases = (
				C49F00A4215104FF00F33E97 /* Sources */,
				C49F00A5215104FF00F33E97 /* Frameworks */,
				C49F00A6215104FF00F33E97 /* Resources */,
			);
			buildRules = (
			);
			dependencies = (
				C49F00AA215104FF00F33E97 /* PBXTargetDependency */,
			);
			name = HelloNewUITests;
			productName = HelloNewUITests;
			productReference = C49F00A8215104FF00F33E97 /* HelloNewUITests.xctest */;
			productType = "com.apple.product-type.bundle.ui-testing";
		};
/* End PBXNativeTarget section */

/* Begin PBXProject section */
		C49F0081215104FD00F33E97 /* Project object */ = {
			isa = PBXProject;
			attributes = {
				LastSwiftUpdateCheck = 0940;
				LastUpgradeCheck = 0940;
				ORGANIZATIONNAME = "Bhargav Rathod";
				TargetAttributes = {
					C49F0088215104FD00F33E97 = {
						CreatedOnToolsVersion = 9.4;
					};
					C49F009C215104FF00F33E97 = {
						CreatedOnToolsVersion = 9.4;
						TestTargetID = C49F0088215104FD00F33E97;
					};
					C49F00A7215104FF00F33E97 = {
						CreatedOnToolsVersion = 9.4;
						TestTargetID = C49F0088215104FD00F33E97;
					};
				};
			};
			buildConfigurationList = C49F0084215104FD00F33E97 /* Build configuration list for PBXProject "HelloNew" */;
			compatibilityVersion = "Xcode 9.3";
			developmentRegion = en;
			hasScannedForEncodings = 0;
			knownRegions = (
				en,
				Base,
			);
			mainGroup = C49F0080215104FD00F33E97;
			productRefGroup = C49F008A215104FD00F33E97 /* Products */;
			projectDirPath = "";
			projectRoot = "";
			targets = (
				C49F0088215104FD00F33E97 /* HelloNew */,
				C49F009C215104FF00F33E97 /* HelloNewTests */,
				C49F00A7215104FF00F33E97 /* HelloNewUITests */,
			);
		};
/* End PBXProject section */

/* Begin PBXResourcesBuildPhase section */
		C49F0087215104FD00F33E97 /* Resources */ = {
			isa = PBXResourcesBuildPhase;
			buildActionMask = 2147483647;
			files = (
				C49F0097215104FF00F33E97 /* LaunchScreen.storyboard in Resources */,
				C49F0094215104FF00F33E97 /* Assets.xcassets in Resources */,
				C49F0092215104FD00F33E97 /* Main.storyboard in Resources */,
			);
			runOnlyForDeploymentPostprocessing = 0;
		};
		C49F009B215104FF00F33E97 /* Resources */ = {
			isa = PBXResourcesBuildPhase;
			buildActionMask = 2147483647;
			files = (
			);
			runOnlyForDeploymentPostprocessing = 0;
		};
		C49F00A6215104FF00F33E97 /* Resources */ = {
			isa = PBXResourcesBuildPhase;
			buildActionMask = 2147483647;
			files = (
			);
			runOnlyForDeploymentPostprocessing = 0;
		};
/* End PBXResourcesBuildPhase section */

/* Begin PBXSourcesBuildPhase section */
		C49F0085215104FD00F33E97 /* Sources */ = {
			isa = PBXSourcesBuildPhase;
			buildActionMask = 2147483647;
			files = (
				C49F008F215104FD00F33E97 /* ViewController.swift in Sources */,
				C49F008D215104FD00F33E97 /* AppDelegate.swift in Sources */,
			);
			runOnlyForDeploymentPostprocessing = 0;
		};
		C49F0099215104FF00F33E97 /* Sources */ = {
			isa = PBXSourcesBuildPhase;
			buildActionMask = 2147483647;
			files = (
				C49F00A2215104FF00F33E97 /* HelloNewTests.swift in Sources */,
			);
			runOnlyForDeploymentPostprocessing = 0;
		};
		C49F00A4215104FF00F33E97 /* Sources */ = {
			isa = PBXSourcesBuildPhase;
			buildActionMask = 2147483647;
			files = (
				C49F00AD215104FF00F33E97 /* HelloNewUITests.swift in Sources */,
			);
			runOnlyForDeploymentPostprocessing = 0;
		};
/* End PBXSourcesBuildPhase section */

/* Begin PBXTargetDependency section */
		C49F009F215104FF00F33E97 /* PBXTargetDependency */ = {
			isa = PBXTargetDependency;
			target = C49F0088215104FD00F33E97 /* HelloNew */;
			targetProxy = C49F009E215104FF00F33E97 /* PBXContainerItemProxy */;
		};
		C49F00AA215104FF00F33E97 /* PBXTargetDependency */ = {
			isa = PBXTargetDependency;
			target = C49F0088215104FD00F33E97 /* HelloNew */;
			targetProxy = C49F00A9215104FF00F33E97 /* PBXContainerItemProxy */;
		};
/* End PBXTargetDependency section */

/* Begin PBXVariantGroup section */
		C49F0090215104FD00F33E97 /* Main.storyboard */ = {
			isa = PBXVariantGroup;
			children = (
				C49F0091215104FD00F33E97 /* Base */,
			);
			name = Main.storyboard;
			sourceTree = "<group>";
		};
		C49F0095215104FF00F33E97 /* LaunchScreen.storyboard */ = {
			isa = PBXVariantGroup;
			children = (
				C49F0096215104FF00F33E97 /* Base */,
			);
			name = LaunchScreen.storyboard;
			sourceTree = "<group>";
		};
/* End PBXVariantGroup section */

/* Begin XCBuildConfiguration section */
		C49F00AF215104FF00F33E97 /* Debug */ = {
			isa = XCBuildConfiguration;
			buildSettings = {
				ALWAYS_SEARCH_USER_PATHS = NO;
				CLANG_ANALYZER_NONNULL = YES;
				CLANG_ANALYZER_NUMBER_OBJECT_CONVERSION = YES_AGGRESSIVE;
				CLANG_CXX_LANGUAGE_STANDARD = "gnu++14";
				CLANG_CXX_LIBRARY = "libc++";
				CLANG_ENABLE_MODULES = YES;
				CLANG_ENABLE_OBJC_ARC = YES;
				CLANG_ENABLE_OBJC_WEAK = YES;
				CLANG_WARN_BLOCK_CAPTURE_AUTORELEASING = YES;
				CLANG_WARN_BOOL_CONVERSION = YES;
				CLANG_WARN_COMMA = YES;
				CLANG_WARN_CONSTANT_CONVERSION = YES;
				CLANG_WARN_DEPRECATED_OBJC_IMPLEMENTATIONS = YES;
				CLANG_WARN_DIRECT_OBJC_ISA_USAGE = YES_ERROR;
				CLANG_WARN_DOCUMENTATION_COMMENTS = YES;
				CLANG_WARN_EMPTY_BODY = YES;
				CLANG_WARN_ENUM_CONVERSION = YES;
				CLANG_WARN_INFINITE_RECURSION = YES;
				CLANG_WARN_INT_CONVERSION = YES;
				CLANG_WARN_NON_LITERAL_NULL_CONVERSION = YES;
				CLANG_WARN_OBJC_IMPLICIT_RETAIN_SELF = YES;
				CLANG_WARN_OBJC_LITERAL_CONVERSION = YES;
				CLANG_WARN_OBJC_ROOT_CLASS = YES_ERROR;
				CLANG_WARN_RANGE_LOOP_ANALYSIS = YES;
				CLANG_WARN_STRICT_PROTOTYPES = YES;
				CLANG_WARN_SUSPICIOUS_MOVE = YES;
				CLANG_WARN_UNGUARDED_AVAILABILITY = YES_AGGRESSIVE;
				CLANG_WARN_UNREACHABLE_CODE = YES;
				CLANG_WARN__DUPLICATE_METHOD_MATCH = YES;
				CODE_SIGN_IDENTITY = "iPhone Developer";
				COPY_PHASE_STRIP = NO;
				DEBUG_INFORMATION_FORMAT = dwarf;
				ENABLE_STRICT_OBJC_MSGSEND = YES;
				ENABLE_TESTABILITY = YES;
				GCC_C_LANGUAGE_STANDARD = gnu11;
				GCC_DYNAMIC_NO_PIC = NO;
				GCC_NO_COMMON_BLOCKS = YES;
				GCC_OPTIMIZATION_LEVEL = 0;
				GCC_PREPROCESSOR_DEFINITIONS = (
					"DEBUG=1",
					"$(inherited)",
				);
				GCC_WARN_64_TO_32_BIT_CONVERSION = YES;
				GCC_WARN_ABOUT_RETURN_TYPE = YES_ERROR;
				GCC_WARN_UNDECLARED_SELECTOR = YES;
				GCC_WARN_UNINITIALIZED_AUTOS = YES_AGGRESSIVE;
				GCC_WARN_UNUSED_FUNCTION = YES;
				GCC_WARN_UNUSED_VARIABLE = YES;
				IPHONEOS_DEPLOYMENT_TARGET = 11.4;
				MTL_ENABLE_DEBUG_INFO = YES;
				ONLY_ACTIVE_ARCH = YES;
				SDKROOT = iphoneos;
				SWIFT_ACTIVE_COMPILATION_CONDITIONS = DEBUG;
				SWIFT_OPTIMIZATION_LEVEL = "-Onone";
			};
			name = Debug;
		};
		C49F00B0215104FF00F33E97 /* Release */ = {
			isa = XCBuildConfiguration;
			buildSettings = {
				ALWAYS_SEARCH_USER_PATHS = NO;
				CLANG_ANALYZER_NONNULL = YES;
				CLANG_ANALYZER_NUMBER_OBJECT_CONVERSION = YES_AGGRESSIVE;
				CLANG_CXX_LANGUAGE_STANDARD = "gnu++14";
				CLANG_CXX_LIBRARY = "libc++";
				CLANG_ENABLE_MODULES = YES;
				CLANG_ENABLE_OBJC_ARC = YES;
				CLANG_ENABLE_OBJC_WEAK = YES;
				CLANG_WARN_BLOCK_CAPTURE_AUTORELEASING = YES;
				CLANG_WARN_BOOL_CONVERSION = YES;
				CLANG_WARN_COMMA = YES;
				CLANG_WARN_CONSTANT_CONVERSION = YES;
				CLANG_WARN_DEPRECATED_OBJC_IMPLEMENTATIONS = YES;
				CLANG_WARN_DIRECT_OBJC_ISA_USAGE = YES_ERROR;
				CLANG_WARN_DOCUMENTATION_COMMENTS = YES;
				CLANG_WARN_EMPTY_BODY = YES;
				CLANG_WARN_ENUM_CONVERSION = YES;
				CLANG_WARN_INFINITE_RECURSION = YES;
				CLANG_WARN_INT_CONVERSION = YES;
				CLANG_WARN_NON_LITERAL_NULL_CONVERSION = YES;
				CLANG_WARN_OBJC_IMPLICIT_RETAIN_SELF = YES;
				CLANG_WARN_OBJC_LITERAL_CONVERSION = YES;
				CLANG_WARN_OBJC_ROOT_CLASS = YES_ERROR;
				CLANG_WARN_RANGE_LOOP_ANALYSIS = YES;
				CLANG_WARN_STRICT_PROTOTYPES = YES;
				CLANG_WARN_SUSPICIOUS_MOVE = YES;
				CLANG_WARN_UNGUARDED_AVAILABILITY = YES_AGGRESSIVE;
				CLANG_WARN_UNREACHABLE_CODE = YES;
				CLANG_WARN__DUPLICATE_METHOD_MATCH = YES;
				CODE_SIGN_IDENTITY = "iPhone Developer";
				COPY_PHASE_STRIP = NO;
				DEBUG_INFORMATION_FORMAT = "dwarf-with-dsym";
				ENABLE_NS_ASSERTIONS = NO;
				ENABLE_STRICT_OBJC_MSGSEND = YES;
				GCC_C_LANGUAGE_STANDARD = gnu11;
				GCC_NO_COMMON_BLOCKS = YES;
				GCC_WARN_64_TO_32_BIT_CONVERSION = YES;
				GCC_WARN_ABOUT_RETURN_TYPE = YES_ERROR;
				GCC_WARN_UNDECLARED_SELECTOR = YES;
				GCC_WARN_UNINITIALIZED_AUTOS = YES_AGGRESSIVE;
				GCC_WARN_UNUSED_FUNCTION = YES;
				GCC_WARN_UNUSED_VARIABLE = YES;
				IPHONEOS_DEPLOYMENT_TARGET = 11.4;
				MTL_ENABLE_DEBUG_INFO = NO;
				SDKROOT = iphoneos;
				SWIFT_COMPILATION_MODE = wholemodule;
				SWIFT_OPTIMIZATION_LEVEL = "-O";
				VALIDATE_PRODUCT = YES;
			};
			name = Release;
		};
		C49F00B2215104FF00F33E97 /* Debug */ = {
			isa = XCBuildConfiguration;
			buildSettings = {
				ASSETCATALOG_COMPILER_APPICON_NAME = AppIcon;
				CODE_SIGN_STYLE = Manual;
				DEVELOPMENT_TEAM = 798W5GV3XS;
				INFOPLIST_FILE = HelloNew/Info.plist;
				LD_RUNPATH_SEARCH_PATHS = (
					"$(inherited)",
					"@executable_path/Frameworks",
				);
				PRODUCT_BUNDLE_IDENTIFIER = com.spec.HelloNew;
				PRODUCT_NAME = "$(TARGET_NAME)";
				PROVISIONING_PROFILE = "d35d1af5-58e6-4cb3-9c63-dff7539df2f6";
				PROVISIONING_PROFILE_SPECIFIER = "SPEC Developer provisioning profile 2016";
				SWIFT_VERSION = 4.0;
				TARGETED_DEVICE_FAMILY = "1,2";
			};
			name = Debug;
		};
		C49F00B3215104FF00F33E97 /* Release */ = {
			isa = XCBuildConfiguration;
			buildSettings = {
				ASSETCATALOG_COMPILER_APPICON_NAME = AppIcon;
				CODE_SIGN_STYLE = Manual;
				DEVELOPMENT_TEAM = 798W5GV3XS;
				INFOPLIST_FILE = HelloNew/Info.plist;
				LD_RUNPATH_SEARCH_PATHS = (
					"$(inherited)",
					"@executable_path/Frameworks",
				);
				PRODUCT_BUNDLE_IDENTIFIER = com.spec.HelloNew;
				PRODUCT_NAME = "$(TARGET_NAME)";
				PROVISIONING_PROFILE = "d35d1af5-58e6-4cb3-9c63-dff7539df2f6";
				PROVISIONING_PROFILE_SPECIFIER = "SPEC Developer provisioning profile 2016";
				SWIFT_VERSION = 4.0;
				TARGETED_DEVICE_FAMILY = "1,2";
			};
			name = Release;
		};
		C49F00B5215104FF00F33E97 /* Debug */ = {
			isa = XCBuildConfiguration;
			buildSettings = {
				ALWAYS_EMBED_SWIFT_STANDARD_LIBRARIES = YES;
				BUNDLE_LOADER = "$(TEST_HOST)";
				CODE_SIGN_STYLE = Automatic;
				INFOPLIST_FILE = HelloNewTests/Info.plist;
				LD_RUNPATH_SEARCH_PATHS = (
					"$(inherited)",
					"@executable_path/Frameworks",
					"@loader_path/Frameworks",
				);
				PRODUCT_BUNDLE_IDENTIFIER = com.spec.HelloNewTests;
				PRODUCT_NAME = "$(TARGET_NAME)";
				SWIFT_VERSION = 4.0;
				TARGETED_DEVICE_FAMILY = "1,2";
				TEST_HOST = "$(BUILT_PRODUCTS_DIR)/HelloNew.app/HelloNew";
			};
			name = Debug;
		};
		C49F00B6215104FF00F33E97 /* Release */ = {
			isa = XCBuildConfiguration;
			buildSettings = {
				ALWAYS_EMBED_SWIFT_STANDARD_LIBRARIES = YES;
				BUNDLE_LOADER = "$(TEST_HOST)";
				CODE_SIGN_STYLE = Automatic;
				INFOPLIST_FILE = HelloNewTests/Info.plist;
				LD_RUNPATH_SEARCH_PATHS = (
					"$(inherited)",
					"@executable_path/Frameworks",
					"@loader_path/Frameworks",
				);
				PRODUCT_BUNDLE_IDENTIFIER = com.spec.HelloNewTests;
				PRODUCT_NAME = "$(TARGET_NAME)";
				SWIFT_VERSION = 4.0;
				TARGETED_DEVICE_FAMILY = "1,2";
				TEST_HOST = "$(BUILT_PRODUCTS_DIR)/HelloNew.app/HelloNew";
			};
			name = Release;
		};
		C49F00B8215104FF00F33E97 /* Debug */ = {
			isa = XCBuildConfiguration;
			buildSettings = {
				ALWAYS_EMBED_SWIFT_STANDARD_LIBRARIES = YES;
				CODE_SIGN_STYLE = Automatic;
				INFOPLIST_FILE = HelloNewUITests/Info.plist;
				LD_RUNPATH_SEARCH_PATHS = (
					"$(inherited)",
					"@executable_path/Frameworks",
					"@loader_path/Frameworks",
				);
				PRODUCT_BUNDLE_IDENTIFIER = com.spec.HelloNewUITests;
				PRODUCT_NAME = "$(TARGET_NAME)";
				SWIFT_VERSION = 4.0;
				TARGETED_DEVICE_FAMILY = "1,2";
				TEST_TARGET_NAME = HelloNew;
			};
			name = Debug;
		};
		C49F00B9215104FF00F33E97 /* Release */ = {
			isa = XCBuildConfiguration;
			buildSettings = {
				ALWAYS_EMBED_SWIFT_STANDARD_LIBRARIES = YES;
				CODE_SIGN_STYLE = Automatic;
				INFOPLIST_FILE = HelloNewUITests/Info.plist;
				LD_RUNPATH_SEARCH_PATHS = (
					"$(inherited)",
					"@executable_path/Frameworks",
					"@loader_path/Frameworks",
				);
				PRODUCT_BUNDLE_IDENTIFIER = com.spec.HelloNewUITests;
				PRODUCT_NAME = "$(TARGET_NAME)";
				SWIFT_VERSION = 4.0;
				TARGETED_DEVICE_FAMILY = "1,2";
				TEST_TARGET_NAME = HelloNew;
			};
			name = Release;
		};
/* End XCBuildConfiguration section */

/* Begin XCConfigurationList section */
		C49F0084215104FD00F33E97 /* Build configuration list for PBXProject "HelloNew" */ = {
			isa = XCConfigurationList;
			buildConfigurations = (
				C49F00AF215104FF00F33E97 /* Debug */,
				C49F00B0215104FF00F33E97 /* Release */,
			);
			defaultConfigurationIsVisible = 0;
			defaultConfigurationName = Release;
		};
		C49F00B1215104FF00F33E97 /* Build configuration list for PBXNativeTarget "HelloNew" */ = {
			isa = XCConfigurationList;
			buildConfigurations = (
				C49F00B2215104FF00F33E97 /* Debug */,
				C49F00B3215104FF00F33E97 /* Release */,
			);
			defaultConfigurationIsVisible = 0;
			defaultConfigurationName = Release;
		};
		C49F00B4215104FF00F33E97 /* Build configuration list for PBXNativeTarget "HelloNewTests" */ = {
			isa = XCConfigurationList;
			buildConfigurations = (
				C49F00B5215104FF00F33E97 /* Debug */,
				C49F00B6215104FF00F33E97 /* Release */,
			);
			defaultConfigurationIsVisible = 0;
			defaultConfigurationName = Release;
		};
		C49F00B7215104FF00F33E97 /* Build configuration list for PBXNativeTarget "HelloNewUITests" */ = {
			isa = XCConfigurationList;
			buildConfigurations = (
				C49F00B8215104FF00F33E97 /* Debug */,
				C49F00B9215104FF00F33E97 /* Release */,
			);
			defaultConfigurationIsVisible = 0;
			defaultConfigurationName = Release;
		};
/* End XCConfigurationList section */
	};
	rootObject = C49F0081215104FD00F33E97 /* Project object */;
}
